github.com/Zzocker/bl-utils v0.0.0-20201209170244-06949db3c98b h1:3uP2kvkw/PfF5Y0EktSDbycRTsHcm8fvRaoIB0eheyY=
github.com/Zzocker/bl-utils v0.0.0-20201209170244-06949db3c98b/go.mod h1:I4iQZ055wTshVmDyiEMNt/QUGTkPiNkiauB66aU7Tm8=
github.com/go-sql-driver/mysql v1.5.0/go.mod h1:DCzpHaOWr8IXmIStZouvnhqoel9Qv2LBy8hT2VhHyBg=
